{
  "name": "mongoose-simple-web-server",
  "version": "1.0.0",
  "lockfileVersion": 1,
  "requires": true,
  "dependencies": {
    "bencode": {
      "version": "2.0.0",
      "resolved": "https://registry.npmjs.org/bencode/-/bencode-2.0.0.tgz",
      "integrity": "sha512-wr2HwwrUpfB5c68zmAudOltC7rZ1G0+lQOcnuEcfIM3AWAVnB3rHI3nlgd/2CWTfQ3w3zagKt89zni/M+VLZ8g==",
      "requires": {
        "safe-buffer": "^5.1.1"
      }
    },
    "bittorrent-dht": {
      "version": "9.0.0",
      "resolved": "https://registry.npmjs.org/bittorrent-dht/-/bittorrent-dht-9.0.0.tgz",
      "integrity": "sha512-X5ax4G/PLtEPfqOUjqDZ2nmPENndWRMK4sT2jcQ4sXor904zhR40r4KqTyTvWYAljh5/hPPqM9DCUUtqWzRXoQ==",
      "requires": {
        "bencode": "^2.0.0",
        "buffer-equals": "^1.0.3",
        "debug": "^3.1.0",
        "inherits": "^2.0.1",
        "k-bucket": "^5.0.0",
        "k-rpc": "^5.0.0",
        "last-one-wins": "^1.0.4",
        "lru": "^3.1.0",
        "randombytes": "^2.0.5",
        "record-cache": "^1.0.2",
        "safe-buffer": "^5.0.1",
        "simple-sha1": "^2.1.0"
      }
    },
    "buffer-equals": {
      "version": "1.0.4",
      "resolved": "https://registry.npmjs.org/buffer-equals/-/buffer-equals-1.0.4.tgz",
      "integrity": "sha1-A1O1T9B/2VZBcGca5vZrnPENJ/U="
    },
    "debug": {
      "version": "3.1.0",
      "resolved": "https://registry.npmjs.org/debug/-/debug-3.1.0.tgz",
      "integrity": "sha512-OX8XqP7/1a9cqkxYw2yXss15f26NKWBpDXQd0/uK/KPqdQhxbPa994hnzjcE2VqQpDslf55723cKPUOGSmMY3g==",
      "requires": {
        "ms": "2.0.0"
      }
    },
    "inherits": {
      "version": "2.0.3",
      "resolved": "https://registry.npmjs.org/inherits/-/inherits-2.0.3.tgz",
      "integrity": "sha1-Yzwsg+PaQqUC9SRmAiSA9CCCYd4="
    },
    "k-bucket": {
      "version": "5.0.0",
      "resolved": "https://registry.npmjs.org/k-bucket/-/k-bucket-5.0.0.tgz",
      "integrity": "sha512-r/q+wV/Kde62/tk+rqyttEJn6h0jR7x+incdMVSYTqK73zVxVrzJa70kJL49cIKen8XjIgUZKSvk8ktnrQbK4w==",
      "requires": {
        "randombytes": "^2.0.3"
      }
    },
    "k-rpc": {
      "version": "5.0.0",
      "resolved": "https://registry.npmjs.org/k-rpc/-/k-rpc-5.0.0.tgz",
      "integrity": "sha512-vCH2rQdfMOS+MlUuTSuar1pS2EMrltURf9LmAR9xR6Jik0XPlMX3vEixgqMn17wKmFVCublJqSJ4hJIP7oKZ3Q==",
      "requires": {
        "buffer-equals": "^1.0.3",
        "k-bucket": "^4.0.0",
        "k-rpc-socket": "^1.7.2",
        "randombytes": "^2.0.5",
        "safe-buffer": "^5.1.1"
      },
      "dependencies": {
        "k-bucket": {
          "version": "4.0.1",
          "resolved": "https://registry.npmjs.org/k-bucket/-/k-bucket-4.0.1.tgz",
          "integrity": "sha512-YvDpmY3waI999h1zZoW1rJ04fZrgZ+5PAlVmvwDHT6YO/Q1AOhdel07xsKy9eAvJjQ9xZV1wz3rXKqEfaWvlcQ==",
          "requires": {
            "inherits": "^2.0.1",
            "randombytes": "^2.0.3"
          }
        }
      }
    },
    "k-rpc-socket": {
      "version": "1.8.0",
      "resolved": "https://registry.npmjs.org/k-rpc-socket/-/k-rpc-socket-1.8.0.tgz",
      "integrity": "sha512-f/9TynsO8YYjZ6JjNNtSSH7CJcIHcio1buy3zqByGxb/GX8AWLdL6FZEWTrN8V3/J7W4/E0ZTQQ+Jt2rVq7ELg==",
      "requires": {
        "bencode": "^2.0.0",
        "buffer-equals": "^1.0.4",
        "safe-buffer": "^5.1.1"
      }
    },
    "last-one-wins": {
      "version": "1.0.4",
      "resolved": "https://registry.npmjs.org/last-one-wins/-/last-one-wins-1.0.4.tgz",
      "integrity": "sha1-wb/Qy8tGeQ7JFWuNGu6Py4bNoio="
    },
    "lru": {
      "version": "3.1.0",
      "resolved": "https://registry.npmjs.org/lru/-/lru-3.1.0.tgz",
      "integrity": "sha1-6n+4VG2DczOWoTCR12z+tMBoN9U=",
      "requires": {
        "inherits": "^2.0.1"
      }
    },
    "minimist": {
      "version": "1.2.0",
      "resolved": "http://registry.npmjs.org/minimist/-/minimist-1.2.0.tgz",
      "integrity": "sha1-o1AIsg9BOD7sH7kU9M1d95omQoQ="
    },
    "ms": {
      "version": "2.0.0",
      "resolved": "https://registry.npmjs.org/ms/-/ms-2.0.0.tgz",
      "integrity": "sha1-VgiurfwAvmwpAd9fmGF4jeDVl8g="
    },
    "randombytes": {
      "version": "2.0.6",
      "resolved": "https://registry.npmjs.org/randombytes/-/randombytes-2.0.6.tgz",
      "integrity": "sha512-CIQ5OFxf4Jou6uOKe9t1AOgqpeU5fd70A8NPdHSGeYXqXsPe6peOwI0cUl88RWZ6sP1vPMV3avd/R6cZ5/sP1A==",
      "requires": {
        "safe-buffer": "^5.1.0"
      }
    },
    "record-cache": {
      "version": "1.1.0",
      "resolved": "https://registry.npmjs.org/record-cache/-/record-cache-1.1.0.tgz",
      "integrity": "sha512-u8rbtLEJV7HRacl/ZYwSBFD8NFyB3PfTTfGLP37IW3hftQCwu6z4Q2RLyxo1YJUNRTEzJfpLpGwVuEYdaIkG9Q=="
    },
    "rusha": {
      "version": "0.8.13",
      "resolved": "https://registry.npmjs.org/rusha/-/rusha-0.8.13.tgz",
      "integrity": "sha1-mghOe4YLF7/zAVuSxnpqM2GRUTo="
    },
    "safe-buffer": {
      "version": "5.1.2",
      "resolved": "https://registry.npmjs.org/safe-buffer/-/safe-buffer-5.1.2.tgz",
      "integrity": "sha512-Gd2UZBJDkXlY7GbJxfsE8/nvKkUEU1G38c1siN6QP6a9PT9MmHB8GnpscSmMJSoF8LOIrt8ud/wPtojys4G6+g=="
    },
    "simple-sha1": {
      "version": "2.1.1",
      "resolved": "https://registry.npmjs.org/simple-sha1/-/simple-sha1-2.1.1.tgz",
      "integrity": "sha512-pFMPd+I/lQkpf4wFUeS/sED5IqdIG1lUlrQviBMV4u4mz8BRAcB5fvUx5Ckfg3kBigEglAjHg7E9k/yy2KlCqA==",
      "requires": {
        "rusha": "^0.8.1"
      }
    }
  }
}
